
Microsoft Visual Studio Solution File, Format Version 12.00
# Visual Studio Version 16
VisualStudioVersion = 16.0.810.13
MinimumVisualStudioVersion = 10.0.40219.1
Project("{FAE04EC0-301F-11D3-BF4B-00C04F79EFBC}") = "ReviewApp", "ReviewApp\ReviewApp.csproj", "{7CF94AD9-0231-4EC2-B1EB-67DCCD3AA26F}"
EndProject
Project("{FAE04EC0-301F-11D3-BF4B-00C04F79EFBC}") = "Core", "Core\Core.csproj", "{DDD16DED-61F2-4F55-90E5-8DAEAE88091F}"
EndProject
Project("{FAE04EC0-301F-11D3-BF4B-00C04F79EFBC}") = "Models", "Models\Models.csproj", "{016EFEF1-A442-4163-A24E-AF5A8BC821D2}"
EndProject
Global
	GlobalSection(SolutionConfigurationPlatforms) = preSolution
		Debug|Any CPU = Debug|Any CPU
		Release|Any CPU = Release|Any CPU
	EndGlobalSection
	GlobalSection(ProjectConfigurationPlatforms) = postSolution
		{7CF94AD9-0231-4EC2-B1EB-67DCCD3AA26F}.Debug|Any CPU.ActiveCfg = Debug|Any CPU
		{7CF94AD9-0231-4EC2-B1EB-67DCCD3AA26F}.Debug|Any CPU.Build.0 = Debug|Any CPU
		{7CF94AD9-0231-4EC2-B1EB-67DCCD3AA26F}.Release|Any CPU.ActiveCfg = Release|Any CPU
		{7CF94AD9-0231-4EC2-B1EB-67DCCD3AA26F}.Release|Any CPU.Build.0 = Release|Any CPU
		{DDD16DED-61F2-4F55-90E5-8DAEAE88091F}.Debug|Any CPU.ActiveCfg = Debug|Any CPU
		{DDD16DED-61F2-4F55-90E5-8DAEAE88091F}.Debug|Any CPU.Build.0 = Debug|Any CPU
		{DDD16DED-61F2-4F55-90E5-8DAEAE88091F}.Release|Any CPU.ActiveCfg = Release|Any CPU
		{DDD16DED-61F2-4F55-90E5-8DAEAE88091F}.Release|Any CPU.Build.0 = Release|Any CPU
		{016EFEF1-A442-4163-A24E-AF5A8BC821D2}.Debug|Any CPU.ActiveCfg = Debug|Any CPU
		{016EFEF1-A442-4163-A24E-AF5A8BC821D2}.Debug|Any CPU.Build.0 = Debug|Any CPU
		{016EFEF1-A442-4163-A24E-AF5A8BC821D2}.Release|Any CPU.ActiveCfg = Release|Any CPU
		{016EFEF1-A442-4163-A24E-AF5A8BC821D2}.Release|Any CPU.Build.0 = Release|Any CPU
	EndGlobalSection
	GlobalSection(SolutionProperties) = preSolution
		HideSolutionNode = FALSE
	EndGlobalSection
	GlobalSection(ExtensibilityGlobals) = postSolution
		SolutionGuid = {49DABF8D-9CD4-4A16-8CA4-CAA50EB41B85}
	EndGlobalSection
EndGlobal
